
Microsoft Visual Studio Solution File, Format Version 12.00
# Visual Studio 15
VisualStudioVersion = 15.0.27703.2035
MinimumVisualStudioVersion = 10.0.40219.1
Project("{2150E333-8FDC-42A3-9474-1A3956D46DE8}") = "MVC", "MVC", "{CFC94A41-6397-4E17-B8F6-339196B26AFA}"
EndProject
Project("{2150E333-8FDC-42A3-9474-1A3956D46DE8}") = "ConsoleApplication", "ConsoleApplication", "{5624C723-2D16-425B-8083-AC24CFD17CA4}"
EndProject
Project("{2150E333-8FDC-42A3-9474-1A3956D46DE8}") = "WindowForms", "WindowForms", "{D2BF51C9-9279-4353-80E7-B9CC638E025F}"
EndProject
Project("{FAE04EC0-301F-11D3-BF4B-00C04F79EFBC}") = "Sirlean.Projeto001.MVC", "Sirlean.Projeto001.MVC\Sirlean.Projeto001.MVC.csproj", "{7372CE99-E907-45A5-BFF4-F71D002CBAEF}"
EndProject
Project("{FAE04EC0-301F-11D3-BF4B-00C04F79EFBC}") = "Sirlean.Projeto001.Forms", "Sirlean.Projeto001.Forms\Sirlean.Projeto001.Forms.csproj", "{FCCDC776-4C44-43C6-8B1A-CD47E72CBDEB}"
EndProject
Project("{FAE04EC0-301F-11D3-BF4B-00C04F79EFBC}") = "Sirlean.Projeto001.ConsoleApp", "Sirlean.Projeto001.ConsoleApp\Sirlean.Projeto001.ConsoleApp.csproj", "{6E3EC705-D94F-4F03-9CFF-6A6E2CE6DDC8}"
EndProject
Global
	GlobalSection(SolutionConfigurationPlatforms) = preSolution
		Debug|Any CPU = Debug|Any CPU
		Release|Any CPU = Release|Any CPU
	EndGlobalSection
	GlobalSection(ProjectConfigurationPlatforms) = postSolution
		{7372CE99-E907-45A5-BFF4-F71D002CBAEF}.Debug|Any CPU.ActiveCfg = Debug|Any CPU
		{7372CE99-E907-45A5-BFF4-F71D002CBAEF}.Debug|Any CPU.Build.0 = Debug|Any CPU
		{7372CE99-E907-45A5-BFF4-F71D002CBAEF}.Release|Any CPU.ActiveCfg = Release|Any CPU
		{7372CE99-E907-45A5-BFF4-F71D002CBAEF}.Release|Any CPU.Build.0 = Release|Any CPU
		{FCCDC776-4C44-43C6-8B1A-CD47E72CBDEB}.Debug|Any CPU.ActiveCfg = Debug|Any CPU
		{FCCDC776-4C44-43C6-8B1A-CD47E72CBDEB}.Debug|Any CPU.Build.0 = Debug|Any CPU
		{FCCDC776-4C44-43C6-8B1A-CD47E72CBDEB}.Release|Any CPU.ActiveCfg = Release|Any CPU
		{FCCDC776-4C44-43C6-8B1A-CD47E72CBDEB}.Release|Any CPU.Build.0 = Release|Any CPU
		{6E3EC705-D94F-4F03-9CFF-6A6E2CE6DDC8}.Debug|Any CPU.ActiveCfg = Debug|Any CPU
		{6E3EC705-D94F-4F03-9CFF-6A6E2CE6DDC8}.Debug|Any CPU.Build.0 = Debug|Any CPU
		{6E3EC705-D94F-4F03-9CFF-6A6E2CE6DDC8}.Release|Any CPU.ActiveCfg = Release|Any CPU
		{6E3EC705-D94F-4F03-9CFF-6A6E2CE6DDC8}.Release|Any CPU.Build.0 = Release|Any CPU
	EndGlobalSection
	GlobalSection(SolutionProperties) = preSolution
		HideSolutionNode = FALSE
	EndGlobalSection
	GlobalSection(NestedProjects) = preSolution
		{7372CE99-E907-45A5-BFF4-F71D002CBAEF} = {CFC94A41-6397-4E17-B8F6-339196B26AFA}
		{FCCDC776-4C44-43C6-8B1A-CD47E72CBDEB} = {D2BF51C9-9279-4353-80E7-B9CC638E025F}
		{6E3EC705-D94F-4F03-9CFF-6A6E2CE6DDC8} = {5624C723-2D16-425B-8083-AC24CFD17CA4}
	EndGlobalSection
	GlobalSection(ExtensibilityGlobals) = postSolution
		SolutionGuid = {D0FED14B-36EC-4E98-B3E8-01AA58FB8F92}
	EndGlobalSection
EndGlobal
